
Microsoft Visual Studio Solution File, Format Version 12.00
# Visual Studio Version 17
VisualStudioVersion = 17.8.34408.163
MinimumVisualStudioVersion = 10.0.40219.1
Project("{FAE04EC0-301F-11D3-BF4B-00C04F79EFBC}") = "Ramos_ApiPublica", "Ramos_ApiPublica.csproj", "{8BE02646-9C03-4673-844C-8BD113521A0F}"
EndProject
Global
	GlobalSection(SolutionConfigurationPlatforms) = preSolution
		Debug|Any CPU = Debug|Any CPU
		Release|Any CPU = Release|Any CPU
	EndGlobalSection
	GlobalSection(ProjectConfigurationPlatforms) = postSolution
		{8BE02646-9C03-4673-844C-8BD113521A0F}.Debug|Any CPU.ActiveCfg = Debug|Any CPU
		{8BE02646-9C03-4673-844C-8BD113521A0F}.Debug|Any CPU.Build.0 = Debug|Any CPU
		{8BE02646-9C03-4673-844C-8BD113521A0F}.Debug|Any CPU.Deploy.0 = Debug|Any CPU
		{8BE02646-9C03-4673-844C-8BD113521A0F}.Release|Any CPU.ActiveCfg = Release|Any CPU
		{8BE02646-9C03-4673-844C-8BD113521A0F}.Release|Any CPU.Build.0 = Release|Any CPU
		{8BE02646-9C03-4673-844C-8BD113521A0F}.Release|Any CPU.Deploy.0 = Release|Any CPU
	EndGlobalSection
	GlobalSection(SolutionProperties) = preSolution
		HideSolutionNode = FALSE
	EndGlobalSection
	GlobalSection(ExtensibilityGlobals) = postSolution
		SolutionGuid = {12CE1266-A28F-4096-BB52-5DD450E012F1}
	EndGlobalSection
EndGlobal
